
Microsoft Visual Studio Solution File, Format Version 12.00
# Visual Studio Version 17
VisualStudioVersion = 17.8.34330.188
MinimumVisualStudioVersion = 10.0.40219.1
Project("{FAE04EC0-301F-11D3-BF4B-00C04F79EFBC}") = "GIK299_Projekt", "GIK299_Projekt\GIK299_Projekt.csproj", "{F5E23C6D-7D19-48AF-A461-699E64D3EF06}"
EndProject
Global
	GlobalSection(SolutionConfigurationPlatforms) = preSolution
		Debug|Any CPU = Debug|Any CPU
		Release|Any CPU = Release|Any CPU
	EndGlobalSection
	GlobalSection(ProjectConfigurationPlatforms) = postSolution
		{F5E23C6D-7D19-48AF-A461-699E64D3EF06}.Debug|Any CPU.ActiveCfg = Debug|Any CPU
		{F5E23C6D-7D19-48AF-A461-699E64D3EF06}.Debug|Any CPU.Build.0 = Debug|Any CPU
		{F5E23C6D-7D19-48AF-A461-699E64D3EF06}.Release|Any CPU.ActiveCfg = Release|Any CPU
		{F5E23C6D-7D19-48AF-A461-699E64D3EF06}.Release|Any CPU.Build.0 = Release|Any CPU
	EndGlobalSection
	GlobalSection(SolutionProperties) = preSolution
		HideSolutionNode = FALSE
	EndGlobalSection
	GlobalSection(ExtensibilityGlobals) = postSolution
		SolutionGuid = {204E3179-1430-4C6E-994A-C39F2AE4A5A3}
	EndGlobalSection
EndGlobal
